
Microsoft Visual Studio Solution File, Format Version 12.00
# Visual Studio Version 16
VisualStudioVersion = 16.0.31624.102
MinimumVisualStudioVersion = 10.0.40219.1
Project("{FAE04EC0-301F-11D3-BF4B-00C04F79EFBC}") = "InPtUddWork", "InPtUddWork\InPtUddWork.csproj", "{8B617083-D733-42F2-9D15-624EC2CA2C77}"
EndProject
Global
	GlobalSection(SolutionConfigurationPlatforms) = preSolution
		Debug|Any CPU = Debug|Any CPU
		Release|Any CPU = Release|Any CPU
	EndGlobalSection
	GlobalSection(ProjectConfigurationPlatforms) = postSolution
		{8B617083-D733-42F2-9D15-624EC2CA2C77}.Debug|Any CPU.ActiveCfg = Debug|Any CPU
		{8B617083-D733-42F2-9D15-624EC2CA2C77}.Debug|Any CPU.Build.0 = Debug|Any CPU
		{8B617083-D733-42F2-9D15-624EC2CA2C77}.Release|Any CPU.ActiveCfg = Release|Any CPU
		{8B617083-D733-42F2-9D15-624EC2CA2C77}.Release|Any CPU.Build.0 = Release|Any CPU
	EndGlobalSection
	GlobalSection(SolutionProperties) = preSolution
		HideSolutionNode = FALSE
	EndGlobalSection
	GlobalSection(ExtensibilityGlobals) = postSolution
		SolutionGuid = {20842F30-976B-486C-80EC-B05178FDFF53}
	EndGlobalSection
	GlobalSection(TeamFoundationVersionControl) = preSolution
		SccNumberOfProjects = 2
		SccEnterpriseProvider = {4CA58AB2-18FA-4F8D-95D4-32DDF27D184C}
		SccTeamFoundationServer = https://dev.azure.com/cshe882-csh110intern
		SccLocalPath0 = .
		SccProjectUniqueName1 = InPtUddWork\\InPtUddWork.csproj
		SccProjectName1 = InPtUddWork
		SccLocalPath1 = InPtUddWork
	EndGlobalSection
EndGlobal
